// !$*UTF8*$!
{
	archiveVersion = 1;
	classes = {
	};
	objectVersion = 56;
	objects = {

/* Begin PBXBuildFile section */
		B23A5A5C2B7E1C8C00D3A1FA /* AppDelegate.swift in Sources */ = {isa = PBXBuildFile; fileRef = B23A5A5B2B7E1C8C00D3A1FA /* AppDelegate.swift */; };
		B23A5A5E2B7E1C8C00D3A1FA /* SceneDelegate.swift in Sources */ = {isa = PBXBuildFile; fileRef = B23A5A5D2B7E1C8C00D3A1FA /* SceneDelegate.swift */; };
		B23A5A602B7E1C8C00D3A1FA /* CalculatorVC.swift in Sources */ = {isa = PBXBuildFile; fileRef = B23A5A5F2B7E1C8C00D3A1FA /* CalculatorVC.swift */; };
		B23A5A652B7E1C8E00D3A1FA /* Assets.xcassets in Resources */ = {isa = PBXBuildFile; fileRef = B23A5A642B7E1C8E00D3A1FA /* Assets.xcassets */; };
		B23A5A682B7E1C8E00D3A1FA /* LaunchScreen.storyboard in Resources */ = {isa = PBXBuildFile; fileRef = B23A5A662B7E1C8E00D3A1FA /* LaunchScreen.storyboard */; };
		B23A5A732B7E1C8E00D3A1FA /* tip_calculatorTests.swift in Sources */ = {isa = PBXBuildFile; fileRef = B23A5A722B7E1C8E00D3A1FA /* tip_calculatorTests.swift */; };
		B23A5A7D2B7E1C8E00D3A1FA /* tip_calculatorUITests.swift in Sources */ = {isa = PBXBuildFile; fileRef = B23A5A7C2B7E1C8E00D3A1FA /* tip_calculatorUITests.swift */; };
		B23A5A7F2B7E1C8E00D3A1FA /* tip_calculatorUITestsLaunchTests.swift in Sources */ = {isa = PBXBuildFile; fileRef = B23A5A7E2B7E1C8E00D3A1FA /* tip_calculatorUITestsLaunchTests.swift */; };
		B23A5A8D2B7E1FF700D3A1FA /* CombineCocoa in Frameworks */ = {isa = PBXBuildFile; productRef = B23A5A8C2B7E1FF700D3A1FA /* CombineCocoa */; };
		B23A5A902B7E202300D3A1FA /* SnapKit in Frameworks */ = {isa = PBXBuildFile; productRef = B23A5A8F2B7E202300D3A1FA /* SnapKit */; };
		B23A5A922B7E202300D3A1FA /* SnapKit-Dynamic in Frameworks */ = {isa = PBXBuildFile; productRef = B23A5A912B7E202300D3A1FA /* SnapKit-Dynamic */; };
		B23A5A952B7E209F00D3A1FA /* CombineCocoa in Frameworks */ = {isa = PBXBuildFile; productRef = B23A5A942B7E209F00D3A1FA /* CombineCocoa */; };
		B23A5A982B7E20E000D3A1FA /* InlineSnapshotTesting in Frameworks */ = {isa = PBXBuildFile; productRef = B23A5A972B7E20E000D3A1FA /* InlineSnapshotTesting */; };
		B23A5A9A2B7E20E000D3A1FA /* SnapshotTesting in Frameworks */ = {isa = PBXBuildFile; productRef = B23A5A992B7E20E000D3A1FA /* SnapshotTesting */; };
		B23A5A9C2B7E210200D3A1FA /* CombineCocoa in Frameworks */ = {isa = PBXBuildFile; productRef = B23A5A9B2B7E210200D3A1FA /* CombineCocoa */; };
		B2C87F5E2B7E599A00D04BBA /* LogoView.swift in Sources */ = {isa = PBXBuildFile; fileRef = B2C87F5D2B7E599A00D04BBA /* LogoView.swift */; };
		B2C87F602B7E5BD800D04BBA /* ResultView.swift in Sources */ = {isa = PBXBuildFile; fileRef = B2C87F5F2B7E5BD800D04BBA /* ResultView.swift */; };
		B2C87F622B7E5C4A00D04BBA /* BillInputView.swift in Sources */ = {isa = PBXBuildFile; fileRef = B2C87F612B7E5C4A00D04BBA /* BillInputView.swift */; };
		B2C87F642B7E5C7C00D04BBA /* TipInputView.swift in Sources */ = {isa = PBXBuildFile; fileRef = B2C87F632B7E5C7C00D04BBA /* TipInputView.swift */; };
		B2C87F662B7E5CAE00D04BBA /* SplitInputView.swift in Sources */ = {isa = PBXBuildFile; fileRef = B2C87F652B7E5CAE00D04BBA /* SplitInputView.swift */; };
		B2C87F692B7E6D0B00D04BBA /* ThemeColor.swift in Sources */ = {isa = PBXBuildFile; fileRef = B2C87F682B7E6D0B00D04BBA /* ThemeColor.swift */; };
		B2C87F6B2B7E6D1900D04BBA /* ThemeFont.swift in Sources */ = {isa = PBXBuildFile; fileRef = B2C87F6A2B7E6D1900D04BBA /* ThemeFont.swift */; };
		B2C87F6E2B7E6EBF00D04BBA /* UIColor+Extension.swift in Sources */ = {isa = PBXBuildFile; fileRef = B2C87F6D2B7E6EBF00D04BBA /* UIColor+Extension.swift */; };
		B2C87F712B7E757600D04BBA /* LabelFactory.swift in Sources */ = {isa = PBXBuildFile; fileRef = B2C87F702B7E757500D04BBA /* LabelFactory.swift */; };
/* End PBXBuildFile section */

/* Begin PBXContainerItemProxy section */
		B23A5A6F2B7E1C8E00D3A1FA /* PBXContainerItemProxy */ = {
			isa = PBXContainerItemProxy;
			containerPortal = B23A5A502B7E1C8C00D3A1FA /* Project object */;
			proxyType = 1;
			remoteGlobalIDString = B23A5A572B7E1C8C00D3A1FA;
			remoteInfo = "tip-calculator";
		};
		B23A5A792B7E1C8E00D3A1FA /* PBXContainerItemProxy */ = {
			isa = PBXContainerItemProxy;
			containerPortal = B23A5A502B7E1C8C00D3A1FA /* Project object */;
			proxyType = 1;
			remoteGlobalIDString = B23A5A572B7E1C8C00D3A1FA;
			remoteInfo = "tip-calculator";
		};
/* End PBXContainerItemProxy section */

/* Begin PBXFileReference section */
		B23A5A582B7E1C8C00D3A1FA /* tip-calculator.app */ = {isa = PBXFileReference; explicitFileType = wrapper.application; includeInIndex = 0; path = "tip-calculator.app"; sourceTree = BUILT_PRODUCTS_DIR; };
		B23A5A5B2B7E1C8C00D3A1FA /* AppDelegate.swift */ = {isa = PBXFileReference; lastKnownFileType = sourcecode.swift; path = AppDelegate.swift; sourceTree = "<group>"; };
		B23A5A5D2B7E1C8C00D3A1FA /* SceneDelegate.swift */ = {isa = PBXFileReference; lastKnownFileType = sourcecode.swift; path = SceneDelegate.swift; sourceTree = "<group>"; };
		B23A5A5F2B7E1C8C00D3A1FA /* CalculatorVC.swift */ = {isa = PBXFileReference; lastKnownFileType = sourcecode.swift; path = CalculatorVC.swift; sourceTree = "<group>"; };
		B23A5A642B7E1C8E00D3A1FA /* Assets.xcassets */ = {isa = PBXFileReference; lastKnownFileType = folder.assetcatalog; path = Assets.xcassets; sourceTree = "<group>"; };
		B23A5A672B7E1C8E00D3A1FA /* Base */ = {isa = PBXFileReference; lastKnownFileType = file.storyboard; name = Base; path = Base.lproj/LaunchScreen.storyboard; sourceTree = "<group>"; };
		B23A5A692B7E1C8E00D3A1FA /* Info.plist */ = {isa = PBXFileReference; lastKnownFileType = text.plist.xml; path = Info.plist; sourceTree = "<group>"; };
		B23A5A6E2B7E1C8E00D3A1FA /* tip-calculatorTests.xctest */ = {isa = PBXFileReference; explicitFileType = wrapper.cfbundle; includeInIndex = 0; path = "tip-calculatorTests.xctest"; sourceTree = BUILT_PRODUCTS_DIR; };
		B23A5A722B7E1C8E00D3A1FA /* tip_calculatorTests.swift */ = {isa = PBXFileReference; lastKnownFileType = sourcecode.swift; path = tip_calculatorTests.swift; sourceTree = "<group>"; };
		B23A5A782B7E1C8E00D3A1FA /* tip-calculatorUITests.xctest */ = {isa = PBXFileReference; explicitFileType = wrapper.cfbundle; includeInIndex = 0; path = "tip-calculatorUITests.xctest"; sourceTree = BUILT_PRODUCTS_DIR; };
		B23A5A7C2B7E1C8E00D3A1FA /* tip_calculatorUITests.swift */ = {isa = PBXFileReference; lastKnownFileType = sourcecode.swift; path = tip_calculatorUITests.swift; sourceTree = "<group>"; };
		B23A5A7E2B7E1C8E00D3A1FA /* tip_calculatorUITestsLaunchTests.swift */ = {isa = PBXFileReference; lastKnownFileType = sourcecode.swift; path = tip_calculatorUITestsLaunchTests.swift; sourceTree = "<group>"; };
		B2C87F5D2B7E599A00D04BBA /* LogoView.swift */ = {isa = PBXFileReference; lastKnownFileType = sourcecode.swift; path = LogoView.swift; sourceTree = "<group>"; };
		B2C87F5F2B7E5BD800D04BBA /* ResultView.swift */ = {isa = PBXFileReference; lastKnownFileType = sourcecode.swift; path = ResultView.swift; sourceTree = "<group>"; };
		B2C87F612B7E5C4A00D04BBA /* BillInputView.swift */ = {isa = PBXFileReference; lastKnownFileType = sourcecode.swift; path = BillInputView.swift; sourceTree = "<group>"; };
		B2C87F632B7E5C7C00D04BBA /* TipInputView.swift */ = {isa = PBXFileReference; lastKnownFileType = sourcecode.swift; path = TipInputView.swift; sourceTree = "<group>"; };
		B2C87F652B7E5CAE00D04BBA /* SplitInputView.swift */ = {isa = PBXFileReference; lastKnownFileType = sourcecode.swift; path = SplitInputView.swift; sourceTree = "<group>"; };
		B2C87F682B7E6D0B00D04BBA /* ThemeColor.swift */ = {isa = PBXFileReference; lastKnownFileType = sourcecode.swift; path = ThemeColor.swift; sourceTree = "<group>"; };
		B2C87F6A2B7E6D1900D04BBA /* ThemeFont.swift */ = {isa = PBXFileReference; lastKnownFileType = sourcecode.swift; path = ThemeFont.swift; sourceTree = "<group>"; };
		B2C87F6D2B7E6EBF00D04BBA /* UIColor+Extension.swift */ = {isa = PBXFileReference; lastKnownFileType = sourcecode.swift; path = "UIColor+Extension.swift"; sourceTree = "<group>"; };
		B2C87F702B7E757500D04BBA /* LabelFactory.swift */ = {isa = PBXFileReference; lastKnownFileType = sourcecode.swift; path = LabelFactory.swift; sourceTree = "<group>"; };
/* End PBXFileReference section */

/* Begin PBXFrameworksBuildPhase section */
		B23A5A552B7E1C8C00D3A1FA /* Frameworks */ = {
			isa = PBXFrameworksBuildPhase;
			buildActionMask = 2147483647;
			files = (
				B23A5A8D2B7E1FF700D3A1FA /* CombineCocoa in Frameworks */,
				B23A5A902B7E202300D3A1FA /* SnapKit in Frameworks */,
				B23A5A922B7E202300D3A1FA /* SnapKit-Dynamic in Frameworks */,
			);
			runOnlyForDeploymentPostprocessing = 0;
		};
		B23A5A6B2B7E1C8E00D3A1FA /* Frameworks */ = {
			isa = PBXFrameworksBuildPhase;
			buildActionMask = 2147483647;
			files = (
				B23A5A9A2B7E20E000D3A1FA /* SnapshotTesting in Frameworks */,
				B23A5A982B7E20E000D3A1FA /* InlineSnapshotTesting in Frameworks */,
				B23A5A952B7E209F00D3A1FA /* CombineCocoa in Frameworks */,
			);
			runOnlyForDeploymentPostprocessing = 0;
		};
		B23A5A752B7E1C8E00D3A1FA /* Frameworks */ = {
			isa = PBXFrameworksBuildPhase;
			buildActionMask = 2147483647;
			files = (
				B23A5A9C2B7E210200D3A1FA /* CombineCocoa in Frameworks */,
			);
			runOnlyForDeploymentPostprocessing = 0;
		};
/* End PBXFrameworksBuildPhase section */

/* Begin PBXGroup section */
		B23A5A4F2B7E1C8C00D3A1FA = {
			isa = PBXGroup;
			children = (
				B23A5A5A2B7E1C8C00D3A1FA /* tip-calculator */,
				B23A5A712B7E1C8E00D3A1FA /* tip-calculatorTests */,
				B23A5A7B2B7E1C8E00D3A1FA /* tip-calculatorUITests */,
				B23A5A592B7E1C8C00D3A1FA /* Products */,
				B23A5A932B7E209F00D3A1FA /* Frameworks */,
			);
			sourceTree = "<group>";
		};
		B23A5A592B7E1C8C00D3A1FA /* Products */ = {
			isa = PBXGroup;
			children = (
				B23A5A582B7E1C8C00D3A1FA /* tip-calculator.app */,
				B23A5A6E2B7E1C8E00D3A1FA /* tip-calculatorTests.xctest */,
				B23A5A782B7E1C8E00D3A1FA /* tip-calculatorUITests.xctest */,
			);
			name = Products;
			sourceTree = "<group>";
		};
		B23A5A5A2B7E1C8C00D3A1FA /* tip-calculator */ = {
			isa = PBXGroup;
			children = (
				B2C87F6F2B7E755000D04BBA /* Factory */,
				B2C87F6C2B7E6E9900D04BBA /* Extension */,
				B2C87F672B7E6CE900D04BBA /* Config */,
				B2C87F5C2B7E597200D04BBA /* View */,
				B23A5A5B2B7E1C8C00D3A1FA /* AppDelegate.swift */,
				B23A5A5D2B7E1C8C00D3A1FA /* SceneDelegate.swift */,
				B23A5A5F2B7E1C8C00D3A1FA /* CalculatorVC.swift */,
				B23A5A642B7E1C8E00D3A1FA /* Assets.xcassets */,
				B23A5A662B7E1C8E00D3A1FA /* LaunchScreen.storyboard */,
				B23A5A692B7E1C8E00D3A1FA /* Info.plist */,
			);
			path = "tip-calculator";
			sourceTree = "<group>";
		};
		B23A5A712B7E1C8E00D3A1FA /* tip-calculatorTests */ = {
			isa = PBXGroup;
			children = (
				B23A5A722B7E1C8E00D3A1FA /* tip_calculatorTests.swift */,
			);
			path = "tip-calculatorTests";
			sourceTree = "<group>";
		};
		B23A5A7B2B7E1C8E00D3A1FA /* tip-calculatorUITests */ = {
			isa = PBXGroup;
			children = (
				B23A5A7C2B7E1C8E00D3A1FA /* tip_calculatorUITests.swift */,
				B23A5A7E2B7E1C8E00D3A1FA /* tip_calculatorUITestsLaunchTests.swift */,
			);
			path = "tip-calculatorUITests";
			sourceTree = "<group>";
		};
		B23A5A932B7E209F00D3A1FA /* Frameworks */ = {
			isa = PBXGroup;
			children = (
			);
			name = Frameworks;
			sourceTree = "<group>";
		};
		B2C87F5C2B7E597200D04BBA /* View */ = {
			isa = PBXGroup;
			children = (
				B2C87F632B7E5C7C00D04BBA /* TipInputView.swift */,
				B2C87F5D2B7E599A00D04BBA /* LogoView.swift */,
				B2C87F5F2B7E5BD800D04BBA /* ResultView.swift */,
				B2C87F612B7E5C4A00D04BBA /* BillInputView.swift */,
				B2C87F652B7E5CAE00D04BBA /* SplitInputView.swift */,
			);
			path = View;
			sourceTree = "<group>";
		};
		B2C87F672B7E6CE900D04BBA /* Config */ = {
			isa = PBXGroup;
			children = (
				B2C87F682B7E6D0B00D04BBA /* ThemeColor.swift */,
				B2C87F6A2B7E6D1900D04BBA /* ThemeFont.swift */,
			);
			path = Config;
			sourceTree = "<group>";
		};
		B2C87F6C2B7E6E9900D04BBA /* Extension */ = {
			isa = PBXGroup;
			children = (
				B2C87F6D2B7E6EBF00D04BBA /* UIColor+Extension.swift */,
			);
			path = Extension;
			sourceTree = "<group>";
		};
		B2C87F6F2B7E755000D04BBA /* Factory */ = {
			isa = PBXGroup;
			children = (
				B2C87F702B7E757500D04BBA /* LabelFactory.swift */,
			);
			path = Factory;
			sourceTree = "<group>";
		};
/* End PBXGroup section */

/* Begin PBXNativeTarget section */
		B23A5A572B7E1C8C00D3A1FA /* tip-calculator */ = {
			isa = PBXNativeTarget;
			buildConfigurationList = B23A5A822B7E1C8E00D3A1FA /* Build configuration list for PBXNativeTarget "tip-calculator" */;
			buildPhases = (
				B23A5A542B7E1C8C00D3A1FA /* Sources */,
				B23A5A552B7E1C8C00D3A1FA /* Frameworks */,
				B23A5A562B7E1C8C00D3A1FA /* Resources */,
			);
			buildRules = (
			);
			dependencies = (
			);
			name = "tip-calculator";
			packageProductDependencies = (
				B23A5A8C2B7E1FF700D3A1FA /* CombineCocoa */,
				B23A5A8F2B7E202300D3A1FA /* SnapKit */,
				B23A5A912B7E202300D3A1FA /* SnapKit-Dynamic */,
			);
			productName = "tip-calculator";
			productReference = B23A5A582B7E1C8C00D3A1FA /* tip-calculator.app */;
			productType = "com.apple.product-type.application";
		};
		B23A5A6D2B7E1C8E00D3A1FA /* tip-calculatorTests */ = {
			isa = PBXNativeTarget;
			buildConfigurationList = B23A5A852B7E1C8E00D3A1FA /* Build configuration list for PBXNativeTarget "tip-calculatorTests" */;
			buildPhases = (
				B23A5A6A2B7E1C8E00D3A1FA /* Sources */,
				B23A5A6B2B7E1C8E00D3A1FA /* Frameworks */,
				B23A5A6C2B7E1C8E00D3A1FA /* Resources */,
			);
			buildRules = (
			);
			dependencies = (
				B23A5A702B7E1C8E00D3A1FA /* PBXTargetDependency */,
			);
			name = "tip-calculatorTests";
			packageProductDependencies = (
				B23A5A942B7E209F00D3A1FA /* CombineCocoa */,
				B23A5A972B7E20E000D3A1FA /* InlineSnapshotTesting */,
				B23A5A992B7E20E000D3A1FA /* SnapshotTesting */,
			);
			productName = "tip-calculatorTests";
			productReference = B23A5A6E2B7E1C8E00D3A1FA /* tip-calculatorTests.xctest */;
			productType = "com.apple.product-type.bundle.unit-test";
		};
		B23A5A772B7E1C8E00D3A1FA /* tip-calculatorUITests */ = {
			isa = PBXNativeTarget;
			buildConfigurationList = B23A5A882B7E1C8E00D3A1FA /* Build configuration list for PBXNativeTarget "tip-calculatorUITests" */;
			buildPhases = (
				B23A5A742B7E1C8E00D3A1FA /* Sources */,
				B23A5A752B7E1C8E00D3A1FA /* Frameworks */,
				B23A5A762B7E1C8E00D3A1FA /* Resources */,
			);
			buildRules = (
			);
			dependencies = (
				B23A5A7A2B7E1C8E00D3A1FA /* PBXTargetDependency */,
			);
			name = "tip-calculatorUITests";
			packageProductDependencies = (
				B23A5A9B2B7E210200D3A1FA /* CombineCocoa */,
			);
			productName = "tip-calculatorUITests";
			productReference = B23A5A782B7E1C8E00D3A1FA /* tip-calculatorUITests.xctest */;
			productType = "com.apple.product-type.bundle.ui-testing";
		};
/* End PBXNativeTarget section */

/* Begin PBXProject section */
		B23A5A502B7E1C8C00D3A1FA /* Project object */ = {
			isa = PBXProject;
			attributes = {
				BuildIndependentTargetsInParallel = 1;
				LastSwiftUpdateCheck = 1510;
				LastUpgradeCheck = 1510;
				TargetAttributes = {
					B23A5A572B7E1C8C00D3A1FA = {
						CreatedOnToolsVersion = 15.1;
					};
					B23A5A6D2B7E1C8E00D3A1FA = {
						CreatedOnToolsVersion = 15.1;
						TestTargetID = B23A5A572B7E1C8C00D3A1FA;
					};
					B23A5A772B7E1C8E00D3A1FA = {
						CreatedOnToolsVersion = 15.1;
						TestTargetID = B23A5A572B7E1C8C00D3A1FA;
					};
				};
			};
			buildConfigurationList = B23A5A532B7E1C8C00D3A1FA /* Build configuration list for PBXProject "tip-calculator" */;
			compatibilityVersion = "Xcode 14.0";
			developmentRegion = en;
			hasScannedForEncodings = 0;
			knownRegions = (
				en,
				Base,
			);
			mainGroup = B23A5A4F2B7E1C8C00D3A1FA;
			packageReferences = (
				B23A5A8B2B7E1FF700D3A1FA /* XCRemoteSwiftPackageReference "CombineCocoa" */,
				B23A5A8E2B7E202300D3A1FA /* XCRemoteSwiftPackageReference "SnapKit" */,
				B23A5A962B7E20E000D3A1FA /* XCRemoteSwiftPackageReference "swift-snapshot-testing" */,
			);
			productRefGroup = B23A5A592B7E1C8C00D3A1FA /* Products */;
			projectDirPath = "";
			projectRoot = "";
			targets = (
				B23A5A572B7E1C8C00D3A1FA /* tip-calculator */,
				B23A5A6D2B7E1C8E00D3A1FA /* tip-calculatorTests */,
				B23A5A772B7E1C8E00D3A1FA /* tip-calculatorUITests */,
			);
		};
/* End PBXProject section */

/* Begin PBXResourcesBuildPhase section */
		B23A5A562B7E1C8C00D3A1FA /* Resources */ = {
			isa = PBXResourcesBuildPhase;
			buildActionMask = 2147483647;
			files = (
				B23A5A682B7E1C8E00D3A1FA /* LaunchScreen.storyboard in Resources */,
				B23A5A652B7E1C8E00D3A1FA /* Assets.xcassets in Resources */,
			);
			runOnlyForDeploymentPostprocessing = 0;
		};
		B23A5A6C2B7E1C8E00D3A1FA /* Resources */ = {
			isa = PBXResourcesBuildPhase;
			buildActionMask = 2147483647;
			files = (
			);
			runOnlyForDeploymentPostprocessing = 0;
		};
		B23A5A762B7E1C8E00D3A1FA /* Resources */ = {
			isa = PBXResourcesBuildPhase;
			buildActionMask = 2147483647;
			files = (
			);
			runOnlyForDeploymentPostprocessing = 0;
		};
/* End PBXResourcesBuildPhase section */

/* Begin PBXSourcesBuildPhase section */
		B23A5A542B7E1C8C00D3A1FA /* Sources */ = {
			isa = PBXSourcesBuildPhase;
			buildActionMask = 2147483647;
			files = (
				B23A5A602B7E1C8C00D3A1FA /* CalculatorVC.swift in Sources */,
				B2C87F5E2B7E599A00D04BBA /* LogoView.swift in Sources */,
				B2C87F692B7E6D0B00D04BBA /* ThemeColor.swift in Sources */,
				B2C87F6E2B7E6EBF00D04BBA /* UIColor+Extension.swift in Sources */,
				B2C87F622B7E5C4A00D04BBA /* BillInputView.swift in Sources */,
				B2C87F602B7E5BD800D04BBA /* ResultView.swift in Sources */,
				B23A5A5C2B7E1C8C00D3A1FA /* AppDelegate.swift in Sources */,
				B2C87F6B2B7E6D1900D04BBA /* ThemeFont.swift in Sources */,
				B23A5A5E2B7E1C8C00D3A1FA /* SceneDelegate.swift in Sources */,
				B2C87F712B7E757600D04BBA /* LabelFactory.swift in Sources */,
				B2C87F662B7E5CAE00D04BBA /* SplitInputView.swift in Sources */,
				B2C87F642B7E5C7C00D04BBA /* TipInputView.swift in Sources */,
			);
			runOnlyForDeploymentPostprocessing = 0;
		};
		B23A5A6A2B7E1C8E00D3A1FA /* Sources */ = {
			isa = PBXSourcesBuildPhase;
			buildActionMask = 2147483647;
			files = (
				B23A5A732B7E1C8E00D3A1FA /* tip_calculatorTests.swift in Sources */,
			);
			runOnlyForDeploymentPostprocessing = 0;
		};
		B23A5A742B7E1C8E00D3A1FA /* Sources */ = {
			isa = PBXSourcesBuildPhase;
			buildActionMask = 2147483647;
			files = (
				B23A5A7F2B7E1C8E00D3A1FA /* tip_calculatorUITestsLaunchTests.swift in Sources */,
				B23A5A7D2B7E1C8E00D3A1FA /* tip_calculatorUITests.swift in Sources */,
			);
			runOnlyForDeploymentPostprocessing = 0;
		};
/* End PBXSourcesBuildPhase section */

/* Begin PBXTargetDependency section */
		B23A5A702B7E1C8E00D3A1FA /* PBXTargetDependency */ = {
			isa = PBXTargetDependency;
			target = B23A5A572B7E1C8C00D3A1FA /* tip-calculator */;
			targetProxy = B23A5A6F2B7E1C8E00D3A1FA /* PBXContainerItemProxy */;
		};
		B23A5A7A2B7E1C8E00D3A1FA /* PBXTargetDependency */ = {
			isa = PBXTargetDependency;
			target = B23A5A572B7E1C8C00D3A1FA /* tip-calculator */;
			targetProxy = B23A5A792B7E1C8E00D3A1FA /* PBXContainerItemProxy */;
		};
/* End PBXTargetDependency section */

/* Begin PBXVariantGroup section */
		B23A5A662B7E1C8E00D3A1FA /* LaunchScreen.storyboard */ = {
			isa = PBXVariantGroup;
			children = (
				B23A5A672B7E1C8E00D3A1FA /* Base */,
			);
			name = LaunchScreen.storyboard;
			sourceTree = "<group>";
		};
/* End PBXVariantGroup section */

/* Begin XCBuildConfiguration section */
		B23A5A802B7E1C8E00D3A1FA /* Debug */ = {
			isa = XCBuildConfiguration;
			buildSettings = {
				ALWAYS_SEARCH_USER_PATHS = NO;
				ASSETCATALOG_COMPILER_GENERATE_SWIFT_ASSET_SYMBOL_EXTENSIONS = YES;
				CLANG_ANALYZER_NONNULL = YES;
				CLANG_ANALYZER_NUMBER_OBJECT_CONVERSION = YES_AGGRESSIVE;
				CLANG_CXX_LANGUAGE_STANDARD = "gnu++20";
				CLANG_ENABLE_MODULES = YES;
				CLANG_ENABLE_OBJC_ARC = YES;
				CLANG_ENABLE_OBJC_WEAK = YES;
				CLANG_WARN_BLOCK_CAPTURE_AUTORELEASING = YES;
				CLANG_WARN_BOOL_CONVERSION = YES;
				CLANG_WARN_COMMA = YES;
				CLANG_WARN_CONSTANT_CONVERSION = YES;
				CLANG_WARN_DEPRECATED_OBJC_IMPLEMENTATIONS = YES;
				CLANG_WARN_DIRECT_OBJC_ISA_USAGE = YES_ERROR;
				CLANG_WARN_DOCUMENTATION_COMMENTS = YES;
				CLANG_WARN_EMPTY_BODY = YES;
				CLANG_WARN_ENUM_CONVERSION = YES;
				CLANG_WARN_INFINITE_RECURSION = YES;
				CLANG_WARN_INT_CONVERSION = YES;
				CLANG_WARN_NON_LITERAL_NULL_CONVERSION = YES;
				CLANG_WARN_OBJC_IMPLICIT_RETAIN_SELF = YES;
				CLANG_WARN_OBJC_LITERAL_CONVERSION = YES;
				CLANG_WARN_OBJC_ROOT_CLASS = YES_ERROR;
				CLANG_WARN_QUOTED_INCLUDE_IN_FRAMEWORK_HEADER = YES;
				CLANG_WARN_RANGE_LOOP_ANALYSIS = YES;
				CLANG_WARN_STRICT_PROTOTYPES = YES;
				CLANG_WARN_SUSPICIOUS_MOVE = YES;
				CLANG_WARN_UNGUARDED_AVAILABILITY = YES_AGGRESSIVE;
				CLANG_WARN_UNREACHABLE_CODE = YES;
				CLANG_WARN__DUPLICATE_METHOD_MATCH = YES;
				COPY_PHASE_STRIP = NO;
				DEBUG_INFORMATION_FORMAT = dwarf;
				ENABLE_STRICT_OBJC_MSGSEND = YES;
				ENABLE_TESTABILITY = YES;
				ENABLE_USER_SCRIPT_SANDBOXING = YES;
				GCC_C_LANGUAGE_STANDARD = gnu17;
				GCC_DYNAMIC_NO_PIC = NO;
				GCC_NO_COMMON_BLOCKS = YES;
				GCC_OPTIMIZATION_LEVEL = 0;
				GCC_PREPROCESSOR_DEFINITIONS = (
					"DEBUG=1",
					"$(inherited)",
				);
				GCC_WARN_64_TO_32_BIT_CONVERSION = YES;
				GCC_WARN_ABOUT_RETURN_TYPE = YES_ERROR;
				GCC_WARN_UNDECLARED_SELECTOR = YES;
				GCC_WARN_UNINITIALIZED_AUTOS = YES_AGGRESSIVE;
				GCC_WARN_UNUSED_FUNCTION = YES;
				GCC_WARN_UNUSED_VARIABLE = YES;
				IPHONEOS_DEPLOYMENT_TARGET = 17.2;
				LOCALIZATION_PREFERS_STRING_CATALOGS = YES;
				MTL_ENABLE_DEBUG_INFO = INCLUDE_SOURCE;
				MTL_FAST_MATH = YES;
				ONLY_ACTIVE_ARCH = YES;
				SDKROOT = iphoneos;
				SWIFT_ACTIVE_COMPILATION_CONDITIONS = "DEBUG $(inherited)";
				SWIFT_OPTIMIZATION_LEVEL = "-Onone";
			};
			name = Debug;
		};
		B23A5A812B7E1C8E00D3A1FA /* Release */ = {
			isa = XCBuildConfiguration;
			buildSettings = {
				ALWAYS_SEARCH_USER_PATHS = NO;
				ASSETCATALOG_COMPILER_GENERATE_SWIFT_ASSET_SYMBOL_EXTENSIONS = YES;
				CLANG_ANALYZER_NONNULL = YES;
				CLANG_ANALYZER_NUMBER_OBJECT_CONVERSION = YES_AGGRESSIVE;
				CLANG_CXX_LANGUAGE_STANDARD = "gnu++20";
				CLANG_ENABLE_MODULES = YES;
				CLANG_ENABLE_OBJC_ARC = YES;
				CLANG_ENABLE_OBJC_WEAK = YES;
				CLANG_WARN_BLOCK_CAPTURE_AUTORELEASING = YES;
				CLANG_WARN_BOOL_CONVERSION = YES;
				CLANG_WARN_COMMA = YES;
				CLANG_WARN_CONSTANT_CONVERSION = YES;
				CLANG_WARN_DEPRECATED_OBJC_IMPLEMENTATIONS = YES;
				CLANG_WARN_DIRECT_OBJC_ISA_USAGE = YES_ERROR;
				CLANG_WARN_DOCUMENTATION_COMMENTS = YES;
				CLANG_WARN_EMPTY_BODY = YES;
				CLANG_WARN_ENUM_CONVERSION = YES;
				CLANG_WARN_INFINITE_RECURSION = YES;
				CLANG_WARN_INT_CONVERSION = YES;
				CLANG_WARN_NON_LITERAL_NULL_CONVERSION = YES;
				CLANG_WARN_OBJC_IMPLICIT_RETAIN_SELF = YES;
				CLANG_WARN_OBJC_LITERAL_CONVERSION = YES;
				CLANG_WARN_OBJC_ROOT_CLASS = YES_ERROR;
				CLANG_WARN_QUOTED_INCLUDE_IN_FRAMEWORK_HEADER = YES;
				CLANG_WARN_RANGE_LOOP_ANALYSIS = YES;
				CLANG_WARN_STRICT_PROTOTYPES = YES;
				CLANG_WARN_SUSPICIOUS_MOVE = YES;
				CLANG_WARN_UNGUARDED_AVAILABILITY = YES_AGGRESSIVE;
				CLANG_WARN_UNREACHABLE_CODE = YES;
				CLANG_WARN__DUPLICATE_METHOD_MATCH = YES;
				COPY_PHASE_STRIP = NO;
				DEBUG_INFORMATION_FORMAT = "dwarf-with-dsym";
				ENABLE_NS_ASSERTIONS = NO;
				ENABLE_STRICT_OBJC_MSGSEND = YES;
				ENABLE_USER_SCRIPT_SANDBOXING = YES;
				GCC_C_LANGUAGE_STANDARD = gnu17;
				GCC_NO_COMMON_BLOCKS = YES;
				GCC_WARN_64_TO_32_BIT_CONVERSION = YES;
				GCC_WARN_ABOUT_RETURN_TYPE = YES_ERROR;
				GCC_WARN_UNDECLARED_SELECTOR = YES;
				GCC_WARN_UNINITIALIZED_AUTOS = YES_AGGRESSIVE;
				GCC_WARN_UNUSED_FUNCTION = YES;
				GCC_WARN_UNUSED_VARIABLE = YES;
				IPHONEOS_DEPLOYMENT_TARGET = 17.2;
				LOCALIZATION_PREFERS_STRING_CATALOGS = YES;
				MTL_ENABLE_DEBUG_INFO = NO;
				MTL_FAST_MATH = YES;
				SDKROOT = iphoneos;
				SWIFT_COMPILATION_MODE = wholemodule;
				VALIDATE_PRODUCT = YES;
			};
			name = Release;
		};
		B23A5A832B7E1C8E00D3A1FA /* Debug */ = {
			isa = XCBuildConfiguration;
			buildSettings = {
				ASSETCATALOG_COMPILER_APPICON_NAME = AppIcon;
				ASSETCATALOG_COMPILER_GLOBAL_ACCENT_COLOR_NAME = AccentColor;
				CODE_SIGN_STYLE = Automatic;
				CURRENT_PROJECT_VERSION = 1;
				DEVELOPMENT_TEAM = LRM3AL75UJ;
				GENERATE_INFOPLIST_FILE = YES;
				INFOPLIST_FILE = "tip-calculator/Info.plist";
				INFOPLIST_KEY_UIApplicationSupportsIndirectInputEvents = YES;
				INFOPLIST_KEY_UILaunchStoryboardName = LaunchScreen;
				INFOPLIST_KEY_UISupportedInterfaceOrientations_iPad = "UIInterfaceOrientationPortrait UIInterfaceOrientationPortraitUpsideDown UIInterfaceOrientationLandscapeLeft UIInterfaceOrientationLandscapeRight";
				INFOPLIST_KEY_UISupportedInterfaceOrientations_iPhone = "UIInterfaceOrientationPortrait UIInterfaceOrientationLandscapeLeft UIInterfaceOrientationLandscapeRight";
				LD_RUNPATH_SEARCH_PATHS = (
					"$(inherited)",
					"@executable_path/Frameworks",
				);
				MARKETING_VERSION = 1.0;
				PRODUCT_BUNDLE_IDENTIFIER = "com.mbcp.tip-calculator";
				PRODUCT_NAME = "$(TARGET_NAME)";
				SWIFT_EMIT_LOC_STRINGS = YES;
				SWIFT_VERSION = 5.0;
				TARGETED_DEVICE_FAMILY = "1,2";
			};
			name = Debug;
		};
		B23A5A842B7E1C8E00D3A1FA /* Release */ = {
			isa = XCBuildConfiguration;
			buildSettings = {
				ASSETCATALOG_COMPILER_APPICON_NAME = AppIcon;
				ASSETCATALOG_COMPILER_GLOBAL_ACCENT_COLOR_NAME = AccentColor;
				CODE_SIGN_STYLE = Automatic;
				CURRENT_PROJECT_VERSION = 1;
				DEVELOPMENT_TEAM = LRM3AL75UJ;
				GENERATE_INFOPLIST_FILE = YES;
				INFOPLIST_FILE = "tip-calculator/Info.plist";
				INFOPLIST_KEY_UIApplicationSupportsIndirectInputEvents = YES;
				INFOPLIST_KEY_UILaunchStoryboardName = LaunchScreen;
				INFOPLIST_KEY_UISupportedInterfaceOrientations_iPad = "UIInterfaceOrientationPortrait UIInterfaceOrientationPortraitUpsideDown UIInterfaceOrientationLandscapeLeft UIInterfaceOrientationLandscapeRight";
				INFOPLIST_KEY_UISupportedInterfaceOrientations_iPhone = "UIInterfaceOrientationPortrait UIInterfaceOrientationLandscapeLeft UIInterfaceOrientationLandscapeRight";
				LD_RUNPATH_SEARCH_PATHS = (
					"$(inherited)",
					"@executable_path/Frameworks",
				);
				MARKETING_VERSION = 1.0;
				PRODUCT_BUNDLE_IDENTIFIER = "com.mbcp.tip-calculator";
				PRODUCT_NAME = "$(TARGET_NAME)";
				SWIFT_EMIT_LOC_STRINGS = YES;
				SWIFT_VERSION = 5.0;
				TARGETED_DEVICE_FAMILY = "1,2";
			};
			name = Release;
		};
		B23A5A862B7E1C8E00D3A1FA /* Debug */ = {
			isa = XCBuildConfiguration;
			buildSettings = {
				ALWAYS_EMBED_SWIFT_STANDARD_LIBRARIES = YES;
				BUNDLE_LOADER = "$(TEST_HOST)";
				CODE_SIGN_STYLE = Automatic;
				CURRENT_PROJECT_VERSION = 1;
				DEVELOPMENT_TEAM = LRM3AL75UJ;
				GENERATE_INFOPLIST_FILE = YES;
				IPHONEOS_DEPLOYMENT_TARGET = 17.2;
				MARKETING_VERSION = 1.0;
				PRODUCT_BUNDLE_IDENTIFIER = "com.mbcp.tip-calculatorTests";
				PRODUCT_NAME = "$(TARGET_NAME)";
				SWIFT_EMIT_LOC_STRINGS = NO;
				SWIFT_VERSION = 5.0;
				TARGETED_DEVICE_FAMILY = "1,2";
				TEST_HOST = "$(BUILT_PRODUCTS_DIR)/tip-calculator.app/$(BUNDLE_EXECUTABLE_FOLDER_PATH)/tip-calculator";
			};
			name = Debug;
		};
		B23A5A872B7E1C8E00D3A1FA /* Release */ = {
			isa = XCBuildConfiguration;
			buildSettings = {
				ALWAYS_EMBED_SWIFT_STANDARD_LIBRARIES = YES;
				BUNDLE_LOADER = "$(TEST_HOST)";
				CODE_SIGN_STYLE = Automatic;
				CURRENT_PROJECT_VERSION = 1;
				DEVELOPMENT_TEAM = LRM3AL75UJ;
				GENERATE_INFOPLIST_FILE = YES;
				IPHONEOS_DEPLOYMENT_TARGET = 17.2;
				MARKETING_VERSION = 1.0;
				PRODUCT_BUNDLE_IDENTIFIER = "com.mbcp.tip-calculatorTests";
				PRODUCT_NAME = "$(TARGET_NAME)";
				SWIFT_EMIT_LOC_STRINGS = NO;
				SWIFT_VERSION = 5.0;
				TARGETED_DEVICE_FAMILY = "1,2";
				TEST_HOST = "$(BUILT_PRODUCTS_DIR)/tip-calculator.app/$(BUNDLE_EXECUTABLE_FOLDER_PATH)/tip-calculator";
			};
			name = Release;
		};
		B23A5A892B7E1C8E00D3A1FA /* Debug */ = {
			isa = XCBuildConfiguration;
			buildSettings = {
				ALWAYS_EMBED_SWIFT_STANDARD_LIBRARIES = YES;
				CODE_SIGN_STYLE = Automatic;
				CURRENT_PROJECT_VERSION = 1;
				DEVELOPMENT_TEAM = LRM3AL75UJ;
				GENERATE_INFOPLIST_FILE = YES;
				MARKETING_VERSION = 1.0;
				PRODUCT_BUNDLE_IDENTIFIER = "com.mbcp.tip-calculatorUITests";
				PRODUCT_NAME = "$(TARGET_NAME)";
				SWIFT_EMIT_LOC_STRINGS = NO;
				SWIFT_VERSION = 5.0;
				TARGETED_DEVICE_FAMILY = "1,2";
				TEST_TARGET_NAME = "tip-calculator";
			};
			name = Debug;
		};
		B23A5A8A2B7E1C8E00D3A1FA /* Release */ = {
			isa = XCBuildConfiguration;
			buildSettings = {
				ALWAYS_EMBED_SWIFT_STANDARD_LIBRARIES = YES;
				CODE_SIGN_STYLE = Automatic;
				CURRENT_PROJECT_VERSION = 1;
				DEVELOPMENT_TEAM = LRM3AL75UJ;
				GENERATE_INFOPLIST_FILE = YES;
				MARKETING_VERSION = 1.0;
				PRODUCT_BUNDLE_IDENTIFIER = "com.mbcp.tip-calculatorUITests";
				PRODUCT_NAME = "$(TARGET_NAME)";
				SWIFT_EMIT_LOC_STRINGS = NO;
				SWIFT_VERSION = 5.0;
				TARGETED_DEVICE_FAMILY = "1,2";
				TEST_TARGET_NAME = "tip-calculator";
			};
			name = Release;
		};
/* End XCBuildConfiguration section */

/* Begin XCConfigurationList section */
		B23A5A532B7E1C8C00D3A1FA /* Build configuration list for PBXProject "tip-calculator" */ = {
			isa = XCConfigurationList;
			buildConfigurations = (
				B23A5A802B7E1C8E00D3A1FA /* Debug */,
				B23A5A812B7E1C8E00D3A1FA /* Release */,
			);
			defaultConfigurationIsVisible = 0;
			defaultConfigurationName = Release;
		};
		B23A5A822B7E1C8E00D3A1FA /* Build configuration list for PBXNativeTarget "tip-calculator" */ = {
			isa = XCConfigurationList;
			buildConfigurations = (
				B23A5A832B7E1C8E00D3A1FA /* Debug */,
				B23A5A842B7E1C8E00D3A1FA /* Release */,
			);
			defaultConfigurationIsVisible = 0;
			defaultConfigurationName = Release;
		};
		B23A5A852B7E1C8E00D3A1FA /* Build configuration list for PBXNativeTarget "tip-calculatorTests" */ = {
			isa = XCConfigurationList;
			buildConfigurations = (
				B23A5A862B7E1C8E00D3A1FA /* Debug */,
				B23A5A872B7E1C8E00D3A1FA /* Release */,
			);
			defaultConfigurationIsVisible = 0;
			defaultConfigurationName = Release;
		};
		B23A5A882B7E1C8E00D3A1FA /* Build configuration list for PBXNativeTarget "tip-calculatorUITests" */ = {
			isa = XCConfigurationList;
			buildConfigurations = (
				B23A5A892B7E1C8E00D3A1FA /* Debug */,
				B23A5A8A2B7E1C8E00D3A1FA /* Release */,
			);
			defaultConfigurationIsVisible = 0;
			defaultConfigurationName = Release;
		};
/* End XCConfigurationList section */

/* Begin XCRemoteSwiftPackageReference section */
		B23A5A8B2B7E1FF700D3A1FA /* XCRemoteSwiftPackageReference "CombineCocoa" */ = {
			isa = XCRemoteSwiftPackageReference;
			repositoryURL = "https://github.com/CombineCommunity/CombineCocoa";
			requirement = {
				kind = upToNextMinorVersion;
				minimumVersion = 0.4.1;
			};
		};
		B23A5A8E2B7E202300D3A1FA /* XCRemoteSwiftPackageReference "SnapKit" */ = {
			isa = XCRemoteSwiftPackageReference;
			repositoryURL = "https://github.com/SnapKit/SnapKit";
			requirement = {
				kind = upToNextMinorVersion;
				minimumVersion = 5.7.0;
			};
		};
		B23A5A962B7E20E000D3A1FA /* XCRemoteSwiftPackageReference "swift-snapshot-testing" */ = {
			isa = XCRemoteSwiftPackageReference;
			repositoryURL = "https://github.com/pointfreeco/swift-snapshot-testing";
			requirement = {
				kind = upToNextMinorVersion;
				minimumVersion = 1.15.3;
			};
		};
/* End XCRemoteSwiftPackageReference section */

/* Begin XCSwiftPackageProductDependency section */
		B23A5A8C2B7E1FF700D3A1FA /* CombineCocoa */ = {
			isa = XCSwiftPackageProductDependency;
			package = B23A5A8B2B7E1FF700D3A1FA /* XCRemoteSwiftPackageReference "CombineCocoa" */;
			productName = CombineCocoa;
		};
		B23A5A8F2B7E202300D3A1FA /* SnapKit */ = {
			isa = XCSwiftPackageProductDependency;
			package = B23A5A8E2B7E202300D3A1FA /* XCRemoteSwiftPackageReference "SnapKit" */;
			productName = SnapKit;
		};
		B23A5A912B7E202300D3A1FA /* SnapKit-Dynamic */ = {
			isa = XCSwiftPackageProductDependency;
			package = B23A5A8E2B7E202300D3A1FA /* XCRemoteSwiftPackageReference "SnapKit" */;
			productName = "SnapKit-Dynamic";
		};
		B23A5A942B7E209F00D3A1FA /* CombineCocoa */ = {
			isa = XCSwiftPackageProductDependency;
			package = B23A5A8B2B7E1FF700D3A1FA /* XCRemoteSwiftPackageReference "CombineCocoa" */;
			productName = CombineCocoa;
		};
		B23A5A972B7E20E000D3A1FA /* InlineSnapshotTesting */ = {
			isa = XCSwiftPackageProductDependency;
			package = B23A5A962B7E20E000D3A1FA /* XCRemoteSwiftPackageReference "swift-snapshot-testing" */;
			productName = InlineSnapshotTesting;
		};
		B23A5A992B7E20E000D3A1FA /* SnapshotTesting */ = {
			isa = XCSwiftPackageProductDependency;
			package = B23A5A962B7E20E000D3A1FA /* XCRemoteSwiftPackageReference "swift-snapshot-testing" */;
			productName = SnapshotTesting;
		};
		B23A5A9B2B7E210200D3A1FA /* CombineCocoa */ = {
			isa = XCSwiftPackageProductDependency;
			package = B23A5A8B2B7E1FF700D3A1FA /* XCRemoteSwiftPackageReference "CombineCocoa" */;
			productName = CombineCocoa;
		};
/* End XCSwiftPackageProductDependency section */
	};
	rootObject = B23A5A502B7E1C8C00D3A1FA /* Project object */;
}
